// !$*UTF8*$!
{
	archiveVersion = 1;
	classes = {
	};
	objectVersion = 77;
	objects = {

/* Begin PBXContainerItemProxy section */
		2169FE3F2D3965D700E2E9F1 /* PBXContainerItemProxy */ = {
			isa = PBXContainerItemProxy;
			containerPortal = 2169FE262D3965D300E2E9F1 /* Project object */;
			proxyType = 1;
			remoteGlobalIDString = 2169FE2D2D3965D300E2E9F1;
			remoteInfo = QuietQuill;
		};
		2169FE492D3965D700E2E9F1 /* PBXContainerItemProxy */ = {
			isa = PBXContainerItemProxy;
			containerPortal = 2169FE262D3965D300E2E9F1 /* Project object */;
			proxyType = 1;
			remoteGlobalIDString = 2169FE2D2D3965D300E2E9F1;
			remoteInfo = QuietQuill;
		};
/* End PBXContainerItemProxy section */

/* Begin PBXFileReference section */
		2169FE2E2D3965D300E2E9F1 /* QuietQuill.app */ = {isa = PBXFileReference; explicitFileType = wrapper.application; includeInIndex = 0; path = QuietQuill.app; sourceTree = BUILT_PRODUCTS_DIR; };
		2169FE3E2D3965D700E2E9F1 /* QuietQuillTests.xctest */ = {isa = PBXFileReference; explicitFileType = wrapper.cfbundle; includeInIndex = 0; path = QuietQuillTests.xctest; sourceTree = BUILT_PRODUCTS_DIR; };
		2169FE482D3965D700E2E9F1 /* QuietQuillUITests.xctest */ = {isa = PBXFileReference; explicitFileType = wrapper.cfbundle; includeInIndex = 0; path = QuietQuillUITests.xctest; sourceTree = BUILT_PRODUCTS_DIR; };
/* End PBXFileReference section */

/* Begin PBXFileSystemSynchronizedRootGroup section */
		2169FE302D3965D300E2E9F1 /* QuietQuill */ = {
			isa = PBXFileSystemSynchronizedRootGroup;
			path = QuietQuill;
			sourceTree = "<group>";
		};
		2169FE412D3965D700E2E9F1 /* QuietQuillTests */ = {
			isa = PBXFileSystemSynchronizedRootGroup;
			path = QuietQuillTests;
			sourceTree = "<group>";
		};
		2169FE4B2D3965D700E2E9F1 /* QuietQuillUITests */ = {
			isa = PBXFileSystemSynchronizedRootGroup;
			path = QuietQuillUITests;
			sourceTree = "<group>";
		};
/* End PBXFileSystemSynchronizedRootGroup section */

/* Begin PBXFrameworksBuildPhase section */
		2169FE2B2D3965D300E2E9F1 /* Frameworks */ = {
			isa = PBXFrameworksBuildPhase;
			buildActionMask = 2147483647;
			files = (
			);
			runOnlyForDeploymentPostprocessing = 0;
		};
		2169FE3B2D3965D700E2E9F1 /* Frameworks */ = {
			isa = PBXFrameworksBuildPhase;
			buildActionMask = 2147483647;
			files = (
			);
			runOnlyForDeploymentPostprocessing = 0;
		};
		2169FE452D3965D700E2E9F1 /* Frameworks */ = {
			isa = PBXFrameworksBuildPhase;
			buildActionMask = 2147483647;
			files = (
			);
			runOnlyForDeploymentPostprocessing = 0;
		};
/* End PBXFrameworksBuildPhase section */

/* Begin PBXGroup section */
		2169FE252D3965D300E2E9F1 = {
			isa = PBXGroup;
			children = (
				2169FE302D3965D300E2E9F1 /* QuietQuill */,
				2169FE412D3965D700E2E9F1 /* QuietQuillTests */,
				2169FE4B2D3965D700E2E9F1 /* QuietQuillUITests */,
				2169FE2F2D3965D300E2E9F1 /* Products */,
			);
			sourceTree = "<group>";
		};
		2169FE2F2D3965D300E2E9F1 /* Products */ = {
			isa = PBXGroup;
			children = (
				2169FE2E2D3965D300E2E9F1 /* QuietQuill.app */,
				2169FE3E2D3965D700E2E9F1 /* QuietQuillTests.xctest */,
				2169FE482D3965D700E2E9F1 /* QuietQuillUITests.xctest */,
			);
			name = Products;
			sourceTree = "<group>";
		};
/* End PBXGroup section */

/* Begin PBXNativeTarget section */
		2169FE2D2D3965D300E2E9F1 /* QuietQuill */ = {
			isa = PBXNativeTarget;
			buildConfigurationList = 2169FE522D3965D700E2E9F1 /* Build configuration list for PBXNativeTarget "QuietQuill" */;
			buildPhases = (
				2169FE2A2D3965D300E2E9F1 /* Sources */,
				2169FE2B2D3965D300E2E9F1 /* Frameworks */,
				2169FE2C2D3965D300E2E9F1 /* Resources */,
			);
			buildRules = (
			);
			dependencies = (
			);
			fileSystemSynchronizedGroups = (
				2169FE302D3965D300E2E9F1 /* QuietQuill */,
			);
			name = QuietQuill;
			packageProductDependencies = (
			);
			productName = QuietQuill;
			productReference = 2169FE2E2D3965D300E2E9F1 /* QuietQuill.app */;
			productType = "com.apple.product-type.application";
		};
		2169FE3D2D3965D700E2E9F1 /* QuietQuillTests */ = {
			isa = PBXNativeTarget;
			buildConfigurationList = 2169FE552D3965D700E2E9F1 /* Build configuration list for PBXNativeTarget "QuietQuillTests" */;
			buildPhases = (
				2169FE3A2D3965D700E2E9F1 /* Sources */,
				2169FE3B2D3965D700E2E9F1 /* Frameworks */,
				2169FE3C2D3965D700E2E9F1 /* Resources */,
			);
			buildRules = (
			);
			dependencies = (
				2169FE402D3965D700E2E9F1 /* PBXTargetDependency */,
			);
			fileSystemSynchronizedGroups = (
				2169FE412D3965D700E2E9F1 /* QuietQuillTests */,
			);
			name = QuietQuillTests;
			packageProductDependencies = (
			);
			productName = QuietQuillTests;
			productReference = 2169FE3E2D3965D700E2E9F1 /* QuietQuillTests.xctest */;
			productType = "com.apple.product-type.bundle.unit-test";
		};
		2169FE472D3965D700E2E9F1 /* QuietQuillUITests */ = {
			isa = PBXNativeTarget;
			buildConfigurationList = 2169FE582D3965D700E2E9F1 /* Build configuration list for PBXNativeTarget "QuietQuillUITests" */;
			buildPhases = (
				2169FE442D3965D700E2E9F1 /* Sources */,
				2169FE452D3965D700E2E9F1 /* Frameworks */,
				2169FE462D3965D700E2E9F1 /* Resources */,
			);
			buildRules = (
			);
			dependencies = (
				2169FE4A2D3965D700E2E9F1 /* PBXTargetDependency */,
			);
			fileSystemSynchronizedGroups = (
				2169FE4B2D3965D700E2E9F1 /* QuietQuillUITests */,
			);
			name = QuietQuillUITests;
			packageProductDependencies = (
			);
			productName = QuietQuillUITests;
			productReference = 2169FE482D3965D700E2E9F1 /* QuietQuillUITests.xctest */;
			productType = "com.apple.product-type.bundle.ui-testing";
		};
/* End PBXNativeTarget section */

/* Begin PBXProject section */
		2169FE262D3965D300E2E9F1 /* Project object */ = {
			isa = PBXProject;
			attributes = {
				BuildIndependentTargetsInParallel = 1;
				LastSwiftUpdateCheck = 1620;
				LastUpgradeCheck = 1620;
				TargetAttributes = {
					2169FE2D2D3965D300E2E9F1 = {
						CreatedOnToolsVersion = 16.2;
					};
					2169FE3D2D3965D700E2E9F1 = {
						CreatedOnToolsVersion = 16.2;
						TestTargetID = 2169FE2D2D3965D300E2E9F1;
					};
					2169FE472D3965D700E2E9F1 = {
						CreatedOnToolsVersion = 16.2;
						TestTargetID = 2169FE2D2D3965D300E2E9F1;
					};
				};
			};
			buildConfigurationList = 2169FE292D3965D300E2E9F1 /* Build configuration list for PBXProject "QuietQuill" */;
			developmentRegion = en;
			hasScannedForEncodings = 0;
			knownRegions = (
				en,
				Base,
			);
			mainGroup = 2169FE252D3965D300E2E9F1;
			minimizedProjectReferenceProxies = 1;
			preferredProjectObjectVersion = 77;
			productRefGroup = 2169FE2F2D3965D300E2E9F1 /* Products */;
			projectDirPath = "";
			projectRoot = "";
			targets = (
				2169FE2D2D3965D300E2E9F1 /* QuietQuill */,
				2169FE3D2D3965D700E2E9F1 /* QuietQuillTests */,
				2169FE472D3965D700E2E9F1 /* QuietQuillUITests */,
			);
		};
/* End PBXProject section */

/* Begin PBXResourcesBuildPhase section */
		2169FE2C2D3965D300E2E9F1 /* Resources */ = {
			isa = PBXResourcesBuildPhase;
			buildActionMask = 2147483647;
			files = (
			);
			runOnlyForDeploymentPostprocessing = 0;
		};
		2169FE3C2D3965D700E2E9F1 /* Resources */ = {
			isa = PBXResourcesBuildPhase;
			buildActionMask = 2147483647;
			files = (
			);
			runOnlyForDeploymentPostprocessing = 0;
		};
		2169FE462D3965D700E2E9F1 /* Resources */ = {
			isa = PBXResourcesBuildPhase;
			buildActionMask = 2147483647;
			files = (
			);
			runOnlyForDeploymentPostprocessing = 0;
		};
/* End PBXResourcesBuildPhase section */

/* Begin PBXSourcesBuildPhase section */
		2169FE2A2D3965D300E2E9F1 /* Sources */ = {
			isa = PBXSourcesBuildPhase;
			buildActionMask = 2147483647;
			files = (
			);
			runOnlyForDeploymentPostprocessing = 0;
		};
		2169FE3A2D3965D700E2E9F1 /* Sources */ = {
			isa = PBXSourcesBuildPhase;
			buildActionMask = 2147483647;
			files = (
			);
			runOnlyForDeploymentPostprocessing = 0;
		};
		2169FE442D3965D700E2E9F1 /* Sources */ = {
			isa = PBXSourcesBuildPhase;
			buildActionMask = 2147483647;
			files = (
			);
			runOnlyForDeploymentPostprocessing = 0;
		};
/* End PBXSourcesBuildPhase section */

/* Begin PBXTargetDependency section */
		2169FE402D3965D700E2E9F1 /* PBXTargetDependency */ = {
			isa = PBXTargetDependency;
			target = 2169FE2D2D3965D300E2E9F1 /* QuietQuill */;
			targetProxy = 2169FE3F2D3965D700E2E9F1 /* PBXContainerItemProxy */;
		};
		2169FE4A2D3965D700E2E9F1 /* PBXTargetDependency */ = {
			isa = PBXTargetDependency;
			target = 2169FE2D2D3965D300E2E9F1 /* QuietQuill */;
			targetProxy = 2169FE492D3965D700E2E9F1 /* PBXContainerItemProxy */;
		};
/* End PBXTargetDependency section */

/* Begin XCBuildConfiguration section */
		2169FE502D3965D700E2E9F1 /* Debug */ = {
			isa = XCBuildConfiguration;
			buildSettings = {
				ALWAYS_SEARCH_USER_PATHS = NO;
				ASSETCATALOG_COMPILER_GENERATE_SWIFT_ASSET_SYMBOL_EXTENSIONS = YES;
				CLANG_ANALYZER_NONNULL = YES;
				CLANG_ANALYZER_NUMBER_OBJECT_CONVERSION = YES_AGGRESSIVE;
				CLANG_CXX_LANGUAGE_STANDARD = "gnu++20";
				CLANG_ENABLE_MODULES = YES;
				CLANG_ENABLE_OBJC_ARC = YES;
				CLANG_ENABLE_OBJC_WEAK = YES;
				CLANG_WARN_BLOCK_CAPTURE_AUTORELEASING = YES;
				CLANG_WARN_BOOL_CONVERSION = YES;
				CLANG_WARN_COMMA = YES;
				CLANG_WARN_CONSTANT_CONVERSION = YES;
				CLANG_WARN_DEPRECATED_OBJC_IMPLEMENTATIONS = YES;
				CLANG_WARN_DIRECT_OBJC_ISA_USAGE = YES_ERROR;
				CLANG_WARN_DOCUMENTATION_COMMENTS = YES;
				CLANG_WARN_EMPTY_BODY = YES;
				CLANG_WARN_ENUM_CONVERSION = YES;
				CLANG_WARN_INFINITE_RECURSION = YES;
				CLANG_WARN_INT_CONVERSION = YES;
				CLANG_WARN_NON_LITERAL_NULL_CONVERSION = YES;
				CLANG_WARN_OBJC_IMPLICIT_RETAIN_SELF = YES;
				CLANG_WARN_OBJC_LITERAL_CONVERSION = YES;
				CLANG_WARN_OBJC_ROOT_CLASS = YES_ERROR;
				CLANG_WARN_QUOTED_INCLUDE_IN_FRAMEWORK_HEADER = YES;
				CLANG_WARN_RANGE_LOOP_ANALYSIS = YES;
				CLANG_WARN_STRICT_PROTOTYPES = YES;
				CLANG_WARN_SUSPICIOUS_MOVE = YES;
				CLANG_WARN_UNGUARDED_AVAILABILITY = YES_AGGRESSIVE;
				CLANG_WARN_UNREACHABLE_CODE = YES;
				CLANG_WARN__DUPLICATE_METHOD_MATCH = YES;
				COPY_PHASE_STRIP = NO;
				DEBUG_INFORMATION_FORMAT = dwarf;
				ENABLE_STRICT_OBJC_MSGSEND = YES;
				ENABLE_TESTABILITY = YES;
				ENABLE_USER_SCRIPT_SANDBOXING = YES;
				GCC_C_LANGUAGE_STANDARD = gnu17;
				GCC_DYNAMIC_NO_PIC = NO;
				GCC_NO_COMMON_BLOCKS = YES;
				GCC_OPTIMIZATION_LEVEL = 0;
				GCC_PREPROCESSOR_DEFINITIONS = (
					"DEBUG=1",
					"$(inherited)",
				);
				GCC_WARN_64_TO_32_BIT_CONVERSION = YES;
				GCC_WARN_ABOUT_RETURN_TYPE = YES_ERROR;
				GCC_WARN_UNDECLARED_SELECTOR = YES;
				GCC_WARN_UNINITIALIZED_AUTOS = YES_AGGRESSIVE;
				GCC_WARN_UNUSED_FUNCTION = YES;
				GCC_WARN_UNUSED_VARIABLE = YES;
				IPHONEOS_DEPLOYMENT_TARGET = 18.2;
				LOCALIZATION_PREFERS_STRING_CATALOGS = YES;
				MTL_ENABLE_DEBUG_INFO = INCLUDE_SOURCE;
				MTL_FAST_MATH = YES;
				ONLY_ACTIVE_ARCH = YES;
				SDKROOT = iphoneos;
				SWIFT_ACTIVE_COMPILATION_CONDITIONS = "DEBUG $(inherited)";
				SWIFT_OPTIMIZATION_LEVEL = "-Onone";
			};
			name = Debug;
		};
		2169FE512D3965D700E2E9F1 /* Release */ = {
			isa = XCBuildConfiguration;
			buildSettings = {
				ALWAYS_SEARCH_USER_PATHS = NO;
				ASSETCATALOG_COMPILER_GENERATE_SWIFT_ASSET_SYMBOL_EXTENSIONS = YES;
				CLANG_ANALYZER_NONNULL = YES;
				CLANG_ANALYZER_NUMBER_OBJECT_CONVERSION = YES_AGGRESSIVE;
				CLANG_CXX_LANGUAGE_STANDARD = "gnu++20";
				CLANG_ENABLE_MODULES = YES;
				CLANG_ENABLE_OBJC_ARC = YES;
				CLANG_ENABLE_OBJC_WEAK = YES;
				CLANG_WARN_BLOCK_CAPTURE_AUTORELEASING = YES;
				CLANG_WARN_BOOL_CONVERSION = YES;
				CLANG_WARN_COMMA = YES;
				CLANG_WARN_CONSTANT_CONVERSION = YES;
				CLANG_WARN_DEPRECATED_OBJC_IMPLEMENTATIONS = YES;
				CLANG_WARN_DIRECT_OBJC_ISA_USAGE = YES_ERROR;
				CLANG_WARN_DOCUMENTATION_COMMENTS = YES;
				CLANG_WARN_EMPTY_BODY = YES;
				CLANG_WARN_ENUM_CONVERSION = YES;
				CLANG_WARN_INFINITE_RECURSION = YES;
				CLANG_WARN_INT_CONVERSION = YES;
				CLANG_WARN_NON_LITERAL_NULL_CONVERSION = YES;
				CLANG_WARN_OBJC_IMPLICIT_RETAIN_SELF = YES;
				CLANG_WARN_OBJC_LITERAL_CONVERSION = YES;
				CLANG_WARN_OBJC_ROOT_CLASS = YES_ERROR;
				CLANG_WARN_QUOTED_INCLUDE_IN_FRAMEWORK_HEADER = YES;
				CLANG_WARN_RANGE_LOOP_ANALYSIS = YES;
				CLANG_WARN_STRICT_PROTOTYPES = YES;
				CLANG_WARN_SUSPICIOUS_MOVE = YES;
				CLANG_WARN_UNGUARDED_AVAILABILITY = YES_AGGRESSIVE;
				CLANG_WARN_UNREACHABLE_CODE = YES;
				CLANG_WARN__DUPLICATE_METHOD_MATCH = YES;
				COPY_PHASE_STRIP = NO;
				DEBUG_INFORMATION_FORMAT = "dwarf-with-dsym";
				ENABLE_NS_ASSERTIONS = NO;
				ENABLE_STRICT_OBJC_MSGSEND = YES;
				ENABLE_USER_SCRIPT_SANDBOXING = YES;
				GCC_C_LANGUAGE_STANDARD = gnu17;
				GCC_NO_COMMON_BLOCKS = YES;
				GCC_WARN_64_TO_32_BIT_CONVERSION = YES;
				GCC_WARN_ABOUT_RETURN_TYPE = YES_ERROR;
				GCC_WARN_UNDECLARED_SELECTOR = YES;
				GCC_WARN_UNINITIALIZED_AUTOS = YES_AGGRESSIVE;
				GCC_WARN_UNUSED_FUNCTION = YES;
				GCC_WARN_UNUSED_VARIABLE = YES;
				IPHONEOS_DEPLOYMENT_TARGET = 18.2;
				LOCALIZATION_PREFERS_STRING_CATALOGS = YES;
				MTL_ENABLE_DEBUG_INFO = NO;
				MTL_FAST_MATH = YES;
				SDKROOT = iphoneos;
				SWIFT_COMPILATION_MODE = wholemodule;
				VALIDATE_PRODUCT = YES;
			};
			name = Release;
		};
		2169FE532D3965D700E2E9F1 /* Debug */ = {
			isa = XCBuildConfiguration;
			buildSettings = {
				ASSETCATALOG_COMPILER_APPICON_NAME = AppIcon;
				ASSETCATALOG_COMPILER_GLOBAL_ACCENT_COLOR_NAME = AccentColor;
				CODE_SIGN_STYLE = Automatic;
				CURRENT_PROJECT_VERSION = 1;
				DEVELOPMENT_ASSET_PATHS = "\"QuietQuill/Preview Content\"";
				DEVELOPMENT_TEAM = MLB596KPM6;
				ENABLE_PREVIEWS = YES;
				GENERATE_INFOPLIST_FILE = YES;
				INFOPLIST_KEY_UIApplicationSceneManifest_Generation = YES;
				INFOPLIST_KEY_UIApplicationSupportsIndirectInputEvents = YES;
				INFOPLIST_KEY_UILaunchScreen_Generation = YES;
				INFOPLIST_KEY_UISupportedInterfaceOrientations_iPad = "UIInterfaceOrientationPortrait UIInterfaceOrientationPortraitUpsideDown UIInterfaceOrientationLandscapeLeft UIInterfaceOrientationLandscapeRight";
				INFOPLIST_KEY_UISupportedInterfaceOrientations_iPhone = "UIInterfaceOrientationPortrait UIInterfaceOrientationLandscapeLeft UIInterfaceOrientationLandscapeRight";
				IPHONEOS_DEPLOYMENT_TARGET = 18.0;
				LD_RUNPATH_SEARCH_PATHS = (
					"$(inherited)",
					"@executable_path/Frameworks",
				);
				MARKETING_VERSION = 1.0;
				PRODUCT_BUNDLE_IDENTIFIER = yash.QuietQuill;
				PRODUCT_NAME = "$(TARGET_NAME)";
				SWIFT_EMIT_LOC_STRINGS = YES;
				SWIFT_VERSION = 5.0;
				TARGETED_DEVICE_FAMILY = "1,2";
			};
			name = Debug;
		};
		2169FE542D3965D700E2E9F1 /* Release */ = {
			isa = XCBuildConfiguration;
			buildSettings = {
				ASSETCATALOG_COMPILER_APPICON_NAME = AppIcon;
				ASSETCATALOG_COMPILER_GLOBAL_ACCENT_COLOR_NAME = AccentColor;
				CODE_SIGN_STYLE = Automatic;
				CURRENT_PROJECT_VERSION = 1;
				DEVELOPMENT_ASSET_PATHS = "\"QuietQuill/Preview Content\"";
				DEVELOPMENT_TEAM = MLB596KPM6;
				ENABLE_PREVIEWS = YES;
				GENERATE_INFOPLIST_FILE = YES;
				INFOPLIST_KEY_UIApplicationSceneManifest_Generation = YES;
				INFOPLIST_KEY_UIApplicationSupportsIndirectInputEvents = YES;
				INFOPLIST_KEY_UILaunchScreen_Generation = YES;
				INFOPLIST_KEY_UISupportedInterfaceOrientations_iPad = "UIInterfaceOrientationPortrait UIInterfaceOrientationPortraitUpsideDown UIInterfaceOrientationLandscapeLeft UIInterfaceOrientationLandscapeRight";
				INFOPLIST_KEY_UISupportedInterfaceOrientations_iPhone = "UIInterfaceOrientationPortrait UIInterfaceOrientationLandscapeLeft UIInterfaceOrientationLandscapeRight";
				IPHONEOS_DEPLOYMENT_TARGET = 18.0;
				LD_RUNPATH_SEARCH_PATHS = (
					"$(inherited)",
					"@executable_path/Frameworks",
				);
				MARKETING_VERSION = 1.0;
				PRODUCT_BUNDLE_IDENTIFIER = yash.QuietQuill;
				PRODUCT_NAME = "$(TARGET_NAME)";
				SWIFT_EMIT_LOC_STRINGS = YES;
				SWIFT_VERSION = 5.0;
				TARGETED_DEVICE_FAMILY = "1,2";
			};
			name = Release;
		};
		2169FE562D3965D700E2E9F1 /* Debug */ = {
			isa = XCBuildConfiguration;
			buildSettings = {
				BUNDLE_LOADER = "$(TEST_HOST)";
				CODE_SIGN_STYLE = Automatic;
				CURRENT_PROJECT_VERSION = 1;
				DEVELOPMENT_TEAM = MLB596KPM6;
				GENERATE_INFOPLIST_FILE = YES;
				IPHONEOS_DEPLOYMENT_TARGET = 18.2;
				MARKETING_VERSION = 1.0;
				PRODUCT_BUNDLE_IDENTIFIER = yash.QuietQuillTests;
				PRODUCT_NAME = "$(TARGET_NAME)";
				SWIFT_EMIT_LOC_STRINGS = NO;
				SWIFT_VERSION = 5.0;
				TARGETED_DEVICE_FAMILY = "1,2";
				TEST_HOST = "$(BUILT_PRODUCTS_DIR)/QuietQuill.app/$(BUNDLE_EXECUTABLE_FOLDER_PATH)/QuietQuill";
			};
			name = Debug;
		};
		2169FE572D3965D700E2E9F1 /* Release */ = {
			isa = XCBuildConfiguration;
			buildSettings = {
				BUNDLE_LOADER = "$(TEST_HOST)";
				CODE_SIGN_STYLE = Automatic;
				CURRENT_PROJECT_VERSION = 1;
				DEVELOPMENT_TEAM = MLB596KPM6;
				GENERATE_INFOPLIST_FILE = YES;
				IPHONEOS_DEPLOYMENT_TARGET = 18.2;
				MARKETING_VERSION = 1.0;
				PRODUCT_BUNDLE_IDENTIFIER = yash.QuietQuillTests;
				PRODUCT_NAME = "$(TARGET_NAME)";
				SWIFT_EMIT_LOC_STRINGS = NO;
				SWIFT_VERSION = 5.0;
				TARGETED_DEVICE_FAMILY = "1,2";
				TEST_HOST = "$(BUILT_PRODUCTS_DIR)/QuietQuill.app/$(BUNDLE_EXECUTABLE_FOLDER_PATH)/QuietQuill";
			};
			name = Release;
		};
		2169FE592D3965D700E2E9F1 /* Debug */ = {
			isa = XCBuildConfiguration;
			buildSettings = {
				CODE_SIGN_STYLE = Automatic;
				CURRENT_PROJECT_VERSION = 1;
				DEVELOPMENT_TEAM = MLB596KPM6;
				GENERATE_INFOPLIST_FILE = YES;
				MARKETING_VERSION = 1.0;
				PRODUCT_BUNDLE_IDENTIFIER = yash.QuietQuillUITests;
				PRODUCT_NAME = "$(TARGET_NAME)";
				SWIFT_EMIT_LOC_STRINGS = NO;
				SWIFT_VERSION = 5.0;
				TARGETED_DEVICE_FAMILY = "1,2";
				TEST_TARGET_NAME = QuietQuill;
			};
			name = Debug;
		};
		2169FE5A2D3965D700E2E9F1 /* Release */ = {
			isa = XCBuildConfiguration;
			buildSettings = {
				CODE_SIGN_STYLE = Automatic;
				CURRENT_PROJECT_VERSION = 1;
				DEVELOPMENT_TEAM = MLB596KPM6;
				GENERATE_INFOPLIST_FILE = YES;
				MARKETING_VERSION = 1.0;
				PRODUCT_BUNDLE_IDENTIFIER = yash.QuietQuillUITests;
				PRODUCT_NAME = "$(TARGET_NAME)";
				SWIFT_EMIT_LOC_STRINGS = NO;
				SWIFT_VERSION = 5.0;
				TARGETED_DEVICE_FAMILY = "1,2";
				TEST_TARGET_NAME = QuietQuill;
			};
			name = Release;
		};
/* End XCBuildConfiguration section */

/* Begin XCConfigurationList section */
		2169FE292D3965D300E2E9F1 /* Build configuration list for PBXProject "QuietQuill" */ = {
			isa = XCConfigurationList;
			buildConfigurations = (
				2169FE502D3965D700E2E9F1 /* Debug */,
				2169FE512D3965D700E2E9F1 /* Release */,
			);
			defaultConfigurationIsVisible = 0;
			defaultConfigurationName = Release;
		};
		2169FE522D3965D700E2E9F1 /* Build configuration list for PBXNativeTarget "QuietQuill" */ = {
			isa = XCConfigurationList;
			buildConfigurations = (
				2169FE532D3965D700E2E9F1 /* Debug */,
				2169FE542D3965D700E2E9F1 /* Release */,
			);
			defaultConfigurationIsVisible = 0;
			defaultConfigurationName = Release;
		};
		2169FE552D3965D700E2E9F1 /* Build configuration list for PBXNativeTarget "QuietQuillTests" */ = {
			isa = XCConfigurationList;
			buildConfigurations = (
				2169FE562D3965D700E2E9F1 /* Debug */,
				2169FE572D3965D700E2E9F1 /* Release */,
			);
			defaultConfigurationIsVisible = 0;
			defaultConfigurationName = Release;
		};
		2169FE582D3965D700E2E9F1 /* Build configuration list for PBXNativeTarget "QuietQuillUITests" */ = {
			isa = XCConfigurationList;
			buildConfigurations = (
				2169FE592D3965D700E2E9F1 /* Debug */,
				2169FE5A2D3965D700E2E9F1 /* Release */,
			);
			defaultConfigurationIsVisible = 0;
			defaultConfigurationName = Release;
		};
/* End XCConfigurationList section */
	};
	rootObject = 2169FE262D3965D300E2E9F1 /* Project object */;
}
